
Microsoft Visual Studio Solution File, Format Version 12.00
# Visual Studio Version 17
VisualStudioVersion = 17.11.35222.181
MinimumVisualStudioVersion = 10.0.40219.1
Project("{FAE04EC0-301F-11D3-BF4B-00C04F79EFBC}") = "TrueFirstPerson", "TrueFirstPerson.csproj", "{61E45555-7712-40F6-82BE-0943F79E7ECF}"
EndProject
Global
	GlobalSection(SolutionConfigurationPlatforms) = preSolution
		Debug|Any CPU = Debug|Any CPU
		Release|Any CPU = Release|Any CPU
	EndGlobalSection
	GlobalSection(ProjectConfigurationPlatforms) = postSolution
		{61E45555-7712-40F6-82BE-0943F79E7ECF}.Debug|Any CPU.ActiveCfg = Debug|Any CPU
		{61E45555-7712-40F6-82BE-0943F79E7ECF}.Debug|Any CPU.Build.0 = Debug|Any CPU
		{61E45555-7712-40F6-82BE-0943F79E7ECF}.Release|Any CPU.ActiveCfg = Release|Any CPU
		{61E45555-7712-40F6-82BE-0943F79E7ECF}.Release|Any CPU.Build.0 = Release|Any CPU
	EndGlobalSection
	GlobalSection(SolutionProperties) = preSolution
		HideSolutionNode = FALSE
	EndGlobalSection
	GlobalSection(ExtensibilityGlobals) = postSolution
		SolutionGuid = {58C195EE-F331-406F-9A64-8212E2CB790A}
	EndGlobalSection
EndGlobal
